
Microsoft Visual Studio Solution File, Format Version 12.00
# Visual Studio Version 16
VisualStudioVersion = 16.0.31112.23
MinimumVisualStudioVersion = 10.0.40219.1
Project("{FAE04EC0-301F-11D3-BF4B-00C04F79EFBC}") = "wa-ajax-exl", "wa-ajax-exl\wa-ajax-exl.csproj", "{5D85D6B7-79C5-4433-99FB-47685CF25CEF}"
EndProject
Global
	GlobalSection(SolutionConfigurationPlatforms) = preSolution
		Debug|Any CPU = Debug|Any CPU
		Release|Any CPU = Release|Any CPU
	EndGlobalSection
	GlobalSection(ProjectConfigurationPlatforms) = postSolution
		{5D85D6B7-79C5-4433-99FB-47685CF25CEF}.Debug|Any CPU.ActiveCfg = Debug|Any CPU
		{5D85D6B7-79C5-4433-99FB-47685CF25CEF}.Debug|Any CPU.Build.0 = Debug|Any CPU
		{5D85D6B7-79C5-4433-99FB-47685CF25CEF}.Release|Any CPU.ActiveCfg = Release|Any CPU
		{5D85D6B7-79C5-4433-99FB-47685CF25CEF}.Release|Any CPU.Build.0 = Release|Any CPU
	EndGlobalSection
	GlobalSection(SolutionProperties) = preSolution
		HideSolutionNode = FALSE
	EndGlobalSection
	GlobalSection(ExtensibilityGlobals) = postSolution
		SolutionGuid = {684FE4BC-7E38-4A38-99B8-2B9480F4A735}
	EndGlobalSection
EndGlobal
